// !$*UTF8*$!
{
	archiveVersion = 1;
	classes = {
	};
	objectVersion = 48;
	objects = {

/* Begin PBXBuildFile section */
		CE5142951F810E4A0071E0B6 /* CoreGraphics+Common.swift in Sources */ = {isa = PBXBuildFile; fileRef = CE5142941F810E4A0071E0B6 /* CoreGraphics+Common.swift */; };
		CEF99B261F80F2620079CDC9 /* ImagePicker.swift in Sources */ = {isa = PBXBuildFile; fileRef = CEF99B251F80F1E20079CDC9 /* ImagePicker.swift */; };
		CEF99B281F80F2890079CDC9 /* TextPicker.swift in Sources */ = {isa = PBXBuildFile; fileRef = CEF99B271F80F2890079CDC9 /* TextPicker.swift */; };
		CEF99B2A1F80F2B00079CDC9 /* TextPicker.storyboard in Resources */ = {isa = PBXBuildFile; fileRef = CEF99B291F80F2B00079CDC9 /* TextPicker.storyboard */; };
		CEF99B2E1F8102140079CDC9 /* Team.swift in Sources */ = {isa = PBXBuildFile; fileRef = CEF99B2D1F8102140079CDC9 /* Team.swift */; };
		CEF99B301F8102220079CDC9 /* TeamModel.swift in Sources */ = {isa = PBXBuildFile; fileRef = CEF99B2F1F8102220079CDC9 /* TeamModel.swift */; };
		CEF99B371F8102C10079CDC9 /* TeamMenuViewController.storyboard in Resources */ = {isa = PBXBuildFile; fileRef = CEF99B361F8102970079CDC9 /* TeamMenuViewController.storyboard */; };
		CEF99B381F8102C40079CDC9 /* TeamListViewController.storyboard in Resources */ = {isa = PBXBuildFile; fileRef = CEF99B341F81028D0079CDC9 /* TeamListViewController.storyboard */; };
		CEF99B391F8102D70079CDC9 /* TeamMenuViewController.swift in Sources */ = {isa = PBXBuildFile; fileRef = CEF99B351F8102970079CDC9 /* TeamMenuViewController.swift */; };
		CEF99B3A1F8102DA0079CDC9 /* TeamListViewController.swift in Sources */ = {isa = PBXBuildFile; fileRef = CEF99B331F81028D0079CDC9 /* TeamListViewController.swift */; };
		CEF99B591F8105E30079CDC9 /* PlayerEditViewController.storyboard in Resources */ = {isa = PBXBuildFile; fileRef = CEF99B4C1F8105730079CDC9 /* PlayerEditViewController.storyboard */; };
		CEF99B5A1F8105E30079CDC9 /* PlayerListViewController.storyboard in Resources */ = {isa = PBXBuildFile; fileRef = CEF99B4F1F8105730079CDC9 /* PlayerListViewController.storyboard */; };
		CEF99B5B1F8105E30079CDC9 /* FormationTemplateEditViewController.storyboard in Resources */ = {isa = PBXBuildFile; fileRef = CEF99B411F8105730079CDC9 /* FormationTemplateEditViewController.storyboard */; };
		CEF99B5C1F8105E30079CDC9 /* FormationTemplateListViewController.storyboard in Resources */ = {isa = PBXBuildFile; fileRef = CEF99B441F8105730079CDC9 /* FormationTemplateListViewController.storyboard */; };
		CEF99B5D1F8105E30079CDC9 /* FormationListViewController.storyboard in Resources */ = {isa = PBXBuildFile; fileRef = CEF99B571F8105730079CDC9 /* FormationListViewController.storyboard */; };
		CEF99B5E1F8106020079CDC9 /* Player.swift in Sources */ = {isa = PBXBuildFile; fileRef = CEF99B481F8105730079CDC9 /* Player.swift */; };
		CEF99B5F1F8106020079CDC9 /* PlayerModel.swift in Sources */ = {isa = PBXBuildFile; fileRef = CEF99B491F8105730079CDC9 /* PlayerModel.swift */; };
		CEF99B601F8106020079CDC9 /* PlayerEditViewController.swift in Sources */ = {isa = PBXBuildFile; fileRef = CEF99B4D1F8105730079CDC9 /* PlayerEditViewController.swift */; };
		CEF99B611F8106020079CDC9 /* PlayerListViewController.swift in Sources */ = {isa = PBXBuildFile; fileRef = CEF99B501F8105730079CDC9 /* PlayerListViewController.swift */; };
		CEF99B621F8106020079CDC9 /* FormationTemplate.swift in Sources */ = {isa = PBXBuildFile; fileRef = CEF99B3D1F8105730079CDC9 /* FormationTemplate.swift */; };
		CEF99B631F8106020079CDC9 /* FormationTemplateModel.swift in Sources */ = {isa = PBXBuildFile; fileRef = CEF99B3E1F8105730079CDC9 /* FormationTemplateModel.swift */; };
		CEF99B641F8106020079CDC9 /* FormationTemplateEditViewController.swift in Sources */ = {isa = PBXBuildFile; fileRef = CEF99B421F8105730079CDC9 /* FormationTemplateEditViewController.swift */; };
		CEF99B651F8106020079CDC9 /* FormationTemplateListViewController.swift in Sources */ = {isa = PBXBuildFile; fileRef = CEF99B451F8105730079CDC9 /* FormationTemplateListViewController.swift */; };
		CEF99B661F8106020079CDC9 /* Formation.swift in Sources */ = {isa = PBXBuildFile; fileRef = CEF99B531F8105730079CDC9 /* Formation.swift */; };
		CEF99B671F8106020079CDC9 /* FormationModel.swift in Sources */ = {isa = PBXBuildFile; fileRef = CEF99B541F8105730079CDC9 /* FormationModel.swift */; };
		CEF99B681F8106020079CDC9 /* FormationListViewController.swift in Sources */ = {isa = PBXBuildFile; fileRef = CEF99B581F8105730079CDC9 /* FormationListViewController.swift */; };
		DB16271A1F7E9BFF00A3D709 /* Main.storyboard in Resources */ = {isa = PBXBuildFile; fileRef = DB1627181F7E9BFF00A3D709 /* Main.storyboard */; };
		DB16271C1F7E9BFF00A3D709 /* Assets.xcassets in Resources */ = {isa = PBXBuildFile; fileRef = DB16271B1F7E9BFF00A3D709 /* Assets.xcassets */; };
		DB16271F1F7E9BFF00A3D709 /* LaunchScreen.storyboard in Resources */ = {isa = PBXBuildFile; fileRef = DB16271D1F7E9BFF00A3D709 /* LaunchScreen.storyboard */; };
		DB1627361F7EA4D500A3D709 /* AppDelegate.swift in Sources */ = {isa = PBXBuildFile; fileRef = DB1627351F7EA08400A3D709 /* AppDelegate.swift */; };
		DB1627381F7EA4E300A3D709 /* TeamEditViewController.swift in Sources */ = {isa = PBXBuildFile; fileRef = DB16272F1F7EA02800A3D709 /* TeamEditViewController.swift */; };
		DB16273B1F7EAF6300A3D709 /* R.generated.swift in Sources */ = {isa = PBXBuildFile; fileRef = DB16273A1F7EAF6300A3D709 /* R.generated.swift */; };
		DB16273D1F7EAFDE00A3D709 /* TeamEditViewController.storyboard in Resources */ = {isa = PBXBuildFile; fileRef = DB16272E1F7EA02800A3D709 /* TeamEditViewController.storyboard */; };
		DB1627401F7EB1FC00A3D709 /* Rswift+Storyboard.swift in Sources */ = {isa = PBXBuildFile; fileRef = DB16273F1F7EB1F300A3D709 /* Rswift+Storyboard.swift */; };
		DB36AB0F1F7FDD3E00EEADD5 /* Popup.swift in Sources */ = {isa = PBXBuildFile; fileRef = DB36AB0E1F7FDD3E00EEADD5 /* Popup.swift */; };
		DB36AB131F7FDDA200EEADD5 /* PopupZoomAnimation.swift in Sources */ = {isa = PBXBuildFile; fileRef = DB36AB121F7FDDA200EEADD5 /* PopupZoomAnimation.swift */; };
		DB5EC99B1F7FFF660000B8E0 /* PopupFadeAnimation.swift in Sources */ = {isa = PBXBuildFile; fileRef = DB5EC99A1F7FFF660000B8E0 /* PopupFadeAnimation.swift */; };
		DB5EC99D1F8089540000B8E0 /* PopupNoneAnimation.swift in Sources */ = {isa = PBXBuildFile; fileRef = DB5EC99C1F8089540000B8E0 /* PopupNoneAnimation.swift */; };
		DB5EC99F1F8089630000B8E0 /* PopupRiseAnimation.swift in Sources */ = {isa = PBXBuildFile; fileRef = DB5EC99E1F8089630000B8E0 /* PopupRiseAnimation.swift */; };
		DB5EC9A11F80A3160000B8E0 /* PopupLeftDrawAnimation.swift in Sources */ = {isa = PBXBuildFile; fileRef = DB5EC9A01F80A3160000B8E0 /* PopupLeftDrawAnimation.swift */; };
		DB5EC9A31F80A6D40000B8E0 /* PopupRightDrawAnimation.swift in Sources */ = {isa = PBXBuildFile; fileRef = DB5EC9A21F80A6D40000B8E0 /* PopupRightDrawAnimation.swift */; };
		DB5EC9A51F80A6E70000B8E0 /* PopupBottomDrawAnimation.swift in Sources */ = {isa = PBXBuildFile; fileRef = DB5EC9A41F80A6E70000B8E0 /* PopupBottomDrawAnimation.swift */; };
		DB5EC9A81F8126860000B8E0 /* CircleColorButton.swift in Sources */ = {isa = PBXBuildFile; fileRef = DB5EC9A71F8126860000B8E0 /* CircleColorButton.swift */; };
		DB5EC9AA1F81269B0000B8E0 /* CircleImageButton.swift in Sources */ = {isa = PBXBuildFile; fileRef = DB5EC9A91F81269B0000B8E0 /* CircleImageButton.swift */; };
		DB6B758B1F7EB4E8003A3E1C /* UIViewController+Common.swift in Sources */ = {isa = PBXBuildFile; fileRef = DB6B758A1F7EB4E8003A3E1C /* UIViewController+Common.swift */; };
		DBF758881F7EBF9100065475 /* LandingViewController.swift in Sources */ = {isa = PBXBuildFile; fileRef = DB1627341F7EA08400A3D709 /* LandingViewController.swift */; };
		DBF7588C1F7EC7E100065475 /* TestViewController.storyboard in Resources */ = {isa = PBXBuildFile; fileRef = DBF7588A1F7EC7C700065475 /* TestViewController.storyboard */; };
		DBF7588D1F7EC7E700065475 /* TestViewController.swift in Sources */ = {isa = PBXBuildFile; fileRef = DBF7588B1F7EC7C700065475 /* TestViewController.swift */; };
		E411E4651F83203A003B397D /* Image.swift in Sources */ = {isa = PBXBuildFile; fileRef = E411E4641F83203A003B397D /* Image.swift */; };
		E42E2B561F83B9380060D244 /* data.plist in Resources */ = {isa = PBXBuildFile; fileRef = E42E2B551F83B8DE0060D244 /* data.plist */; };
		E42E2B571F83B9380060D244 /* images in Resources */ = {isa = PBXBuildFile; fileRef = E42E2B541F83B8DE0060D244 /* images */; };
		E438491A1F836046004F9248 /* BackgroundView.swift in Sources */ = {isa = PBXBuildFile; fileRef = E43849191F836024004F9248 /* BackgroundView.swift */; };
		E4A8A1C61F83740700A689E4 /* UIImage+Process.swift in Sources */ = {isa = PBXBuildFile; fileRef = E4A8A1C51F83740700A689E4 /* UIImage+Process.swift */; };
		E4A8A1C81F838D5600A689E4 /* RealmModel.swift in Sources */ = {isa = PBXBuildFile; fileRef = E4A8A1C71F838D5600A689E4 /* RealmModel.swift */; };
		E4A8A1CA1F83948000A689E4 /* IdentifierGeneratable.swift in Sources */ = {isa = PBXBuildFile; fileRef = E4A8A1C91F83948000A689E4 /* IdentifierGeneratable.swift */; };
		E4EE6B451F83A26100472F12 /* Fixture.swift in Sources */ = {isa = PBXBuildFile; fileRef = E4EE6B441F83A26100472F12 /* Fixture.swift */; };
		FD2FDF130907DC9D2DD2D9EF /* Pods_Formations.framework in Frameworks */ = {isa = PBXBuildFile; fileRef = BB00CA0B99ECE2BE3A00FFE0 /* Pods_Formations.framework */; };
/* End PBXBuildFile section */

/* Begin PBXFileReference section */
		4AC58933A3C5D0C5D98E5F7D /* Pods-Formations.debug.xcconfig */ = {isa = PBXFileReference; includeInIndex = 1; lastKnownFileType = text.xcconfig; name = "Pods-Formations.debug.xcconfig"; path = "Pods/Target Support Files/Pods-Formations/Pods-Formations.debug.xcconfig"; sourceTree = "<group>"; };
		787E086D03DDD25B0F2C562C /* Pods-Formations.release.xcconfig */ = {isa = PBXFileReference; includeInIndex = 1; lastKnownFileType = text.xcconfig; name = "Pods-Formations.release.xcconfig"; path = "Pods/Target Support Files/Pods-Formations/Pods-Formations.release.xcconfig"; sourceTree = "<group>"; };
		BB00CA0B99ECE2BE3A00FFE0 /* Pods_Formations.framework */ = {isa = PBXFileReference; explicitFileType = wrapper.framework; includeInIndex = 0; path = Pods_Formations.framework; sourceTree = BUILT_PRODUCTS_DIR; };
		CE5142941F810E4A0071E0B6 /* CoreGraphics+Common.swift */ = {isa = PBXFileReference; lastKnownFileType = sourcecode.swift; path = "CoreGraphics+Common.swift"; sourceTree = "<group>"; };
		CEF99B251F80F1E20079CDC9 /* ImagePicker.swift */ = {isa = PBXFileReference; lastKnownFileType = sourcecode.swift; path = ImagePicker.swift; sourceTree = "<group>"; };
		CEF99B271F80F2890079CDC9 /* TextPicker.swift */ = {isa = PBXFileReference; lastKnownFileType = sourcecode.swift; path = TextPicker.swift; sourceTree = "<group>"; };
		CEF99B291F80F2B00079CDC9 /* TextPicker.storyboard */ = {isa = PBXFileReference; lastKnownFileType = file.storyboard; path = TextPicker.storyboard; sourceTree = "<group>"; };
		CEF99B2D1F8102140079CDC9 /* Team.swift */ = {isa = PBXFileReference; lastKnownFileType = sourcecode.swift; path = Team.swift; sourceTree = "<group>"; };
		CEF99B2F1F8102220079CDC9 /* TeamModel.swift */ = {isa = PBXFileReference; lastKnownFileType = sourcecode.swift; path = TeamModel.swift; sourceTree = "<group>"; };
		CEF99B331F81028D0079CDC9 /* TeamListViewController.swift */ = {isa = PBXFileReference; lastKnownFileType = sourcecode.swift; path = TeamListViewController.swift; sourceTree = "<group>"; };
		CEF99B341F81028D0079CDC9 /* TeamListViewController.storyboard */ = {isa = PBXFileReference; lastKnownFileType = file.storyboard; path = TeamListViewController.storyboard; sourceTree = "<group>"; };
		CEF99B351F8102970079CDC9 /* TeamMenuViewController.swift */ = {isa = PBXFileReference; lastKnownFileType = sourcecode.swift; path = TeamMenuViewController.swift; sourceTree = "<group>"; };
		CEF99B361F8102970079CDC9 /* TeamMenuViewController.storyboard */ = {isa = PBXFileReference; lastKnownFileType = file.storyboard; path = TeamMenuViewController.storyboard; sourceTree = "<group>"; };
		CEF99B3D1F8105730079CDC9 /* FormationTemplate.swift */ = {isa = PBXFileReference; lastKnownFileType = sourcecode.swift; path = FormationTemplate.swift; sourceTree = "<group>"; };
		CEF99B3E1F8105730079CDC9 /* FormationTemplateModel.swift */ = {isa = PBXFileReference; lastKnownFileType = sourcecode.swift; path = FormationTemplateModel.swift; sourceTree = "<group>"; };
		CEF99B411F8105730079CDC9 /* FormationTemplateEditViewController.storyboard */ = {isa = PBXFileReference; lastKnownFileType = file.storyboard; path = FormationTemplateEditViewController.storyboard; sourceTree = "<group>"; };
		CEF99B421F8105730079CDC9 /* FormationTemplateEditViewController.swift */ = {isa = PBXFileReference; lastKnownFileType = sourcecode.swift; path = FormationTemplateEditViewController.swift; sourceTree = "<group>"; };
		CEF99B441F8105730079CDC9 /* FormationTemplateListViewController.storyboard */ = {isa = PBXFileReference; lastKnownFileType = file.storyboard; path = FormationTemplateListViewController.storyboard; sourceTree = "<group>"; };
		CEF99B451F8105730079CDC9 /* FormationTemplateListViewController.swift */ = {isa = PBXFileReference; lastKnownFileType = sourcecode.swift; path = FormationTemplateListViewController.swift; sourceTree = "<group>"; };
		CEF99B481F8105730079CDC9 /* Player.swift */ = {isa = PBXFileReference; lastKnownFileType = sourcecode.swift; path = Player.swift; sourceTree = "<group>"; };
		CEF99B491F8105730079CDC9 /* PlayerModel.swift */ = {isa = PBXFileReference; lastKnownFileType = sourcecode.swift; path = PlayerModel.swift; sourceTree = "<group>"; };
		CEF99B4C1F8105730079CDC9 /* PlayerEditViewController.storyboard */ = {isa = PBXFileReference; lastKnownFileType = file.storyboard; path = PlayerEditViewController.storyboard; sourceTree = "<group>"; };
		CEF99B4D1F8105730079CDC9 /* PlayerEditViewController.swift */ = {isa = PBXFileReference; lastKnownFileType = sourcecode.swift; path = PlayerEditViewController.swift; sourceTree = "<group>"; };
		CEF99B4F1F8105730079CDC9 /* PlayerListViewController.storyboard */ = {isa = PBXFileReference; lastKnownFileType = file.storyboard; path = PlayerListViewController.storyboard; sourceTree = "<group>"; };
		CEF99B501F8105730079CDC9 /* PlayerListViewController.swift */ = {isa = PBXFileReference; lastKnownFileType = sourcecode.swift; path = PlayerListViewController.swift; sourceTree = "<group>"; };
		CEF99B531F8105730079CDC9 /* Formation.swift */ = {isa = PBXFileReference; lastKnownFileType = sourcecode.swift; path = Formation.swift; sourceTree = "<group>"; };
		CEF99B541F8105730079CDC9 /* FormationModel.swift */ = {isa = PBXFileReference; lastKnownFileType = sourcecode.swift; path = FormationModel.swift; sourceTree = "<group>"; };
		CEF99B571F8105730079CDC9 /* FormationListViewController.storyboard */ = {isa = PBXFileReference; lastKnownFileType = file.storyboard; path = FormationListViewController.storyboard; sourceTree = "<group>"; };
		CEF99B581F8105730079CDC9 /* FormationListViewController.swift */ = {isa = PBXFileReference; lastKnownFileType = sourcecode.swift; path = FormationListViewController.swift; sourceTree = "<group>"; };
		DB1627111F7E9BFF00A3D709 /* Formations.app */ = {isa = PBXFileReference; explicitFileType = wrapper.application; includeInIndex = 0; path = Formations.app; sourceTree = BUILT_PRODUCTS_DIR; };
		DB1627191F7E9BFF00A3D709 /* Base */ = {isa = PBXFileReference; lastKnownFileType = file.storyboard; name = Base; path = Base.lproj/Main.storyboard; sourceTree = "<group>"; };
		DB16271B1F7E9BFF00A3D709 /* Assets.xcassets */ = {isa = PBXFileReference; lastKnownFileType = folder.assetcatalog; path = Assets.xcassets; sourceTree = "<group>"; };
		DB16271E1F7E9BFF00A3D709 /* Base */ = {isa = PBXFileReference; lastKnownFileType = file.storyboard; name = Base; path = Base.lproj/LaunchScreen.storyboard; sourceTree = "<group>"; };
		DB1627201F7E9BFF00A3D709 /* Info.plist */ = {isa = PBXFileReference; lastKnownFileType = text.plist.xml; path = Info.plist; sourceTree = "<group>"; };
		DB16272E1F7EA02800A3D709 /* TeamEditViewController.storyboard */ = {isa = PBXFileReference; lastKnownFileType = file.storyboard; path = TeamEditViewController.storyboard; sourceTree = "<group>"; };
		DB16272F1F7EA02800A3D709 /* TeamEditViewController.swift */ = {isa = PBXFileReference; lastKnownFileType = sourcecode.swift; path = TeamEditViewController.swift; sourceTree = "<group>"; };
		DB1627331F7EA08300A3D709 /* Bridging-Header.h */ = {isa = PBXFileReference; lastKnownFileType = sourcecode.c.h; path = "Bridging-Header.h"; sourceTree = "<group>"; };
		DB1627341F7EA08400A3D709 /* LandingViewController.swift */ = {isa = PBXFileReference; lastKnownFileType = sourcecode.swift; path = LandingViewController.swift; sourceTree = "<group>"; };
		DB1627351F7EA08400A3D709 /* AppDelegate.swift */ = {isa = PBXFileReference; lastKnownFileType = sourcecode.swift; path = AppDelegate.swift; sourceTree = "<group>"; };
		DB16273A1F7EAF6300A3D709 /* R.generated.swift */ = {isa = PBXFileReference; lastKnownFileType = sourcecode.swift; path = R.generated.swift; sourceTree = SOURCE_ROOT; };
		DB16273F1F7EB1F300A3D709 /* Rswift+Storyboard.swift */ = {isa = PBXFileReference; lastKnownFileType = sourcecode.swift; path = "Rswift+Storyboard.swift"; sourceTree = "<group>"; };
		DB36AB0E1F7FDD3E00EEADD5 /* Popup.swift */ = {isa = PBXFileReference; lastKnownFileType = sourcecode.swift; path = Popup.swift; sourceTree = "<group>"; };
		DB36AB121F7FDDA200EEADD5 /* PopupZoomAnimation.swift */ = {isa = PBXFileReference; lastKnownFileType = sourcecode.swift; path = PopupZoomAnimation.swift; sourceTree = "<group>"; };
		DB5EC99A1F7FFF660000B8E0 /* PopupFadeAnimation.swift */ = {isa = PBXFileReference; lastKnownFileType = sourcecode.swift; path = PopupFadeAnimation.swift; sourceTree = "<group>"; };
		DB5EC99C1F8089540000B8E0 /* PopupNoneAnimation.swift */ = {isa = PBXFileReference; lastKnownFileType = sourcecode.swift; path = PopupNoneAnimation.swift; sourceTree = "<group>"; };
		DB5EC99E1F8089630000B8E0 /* PopupRiseAnimation.swift */ = {isa = PBXFileReference; lastKnownFileType = sourcecode.swift; path = PopupRiseAnimation.swift; sourceTree = "<group>"; };
		DB5EC9A01F80A3160000B8E0 /* PopupLeftDrawAnimation.swift */ = {isa = PBXFileReference; lastKnownFileType = sourcecode.swift; path = PopupLeftDrawAnimation.swift; sourceTree = "<group>"; };
		DB5EC9A21F80A6D40000B8E0 /* PopupRightDrawAnimation.swift */ = {isa = PBXFileReference; lastKnownFileType = sourcecode.swift; path = PopupRightDrawAnimation.swift; sourceTree = "<group>"; };
		DB5EC9A41F80A6E70000B8E0 /* PopupBottomDrawAnimation.swift */ = {isa = PBXFileReference; lastKnownFileType = sourcecode.swift; path = PopupBottomDrawAnimation.swift; sourceTree = "<group>"; };
		DB5EC9A71F8126860000B8E0 /* CircleColorButton.swift */ = {isa = PBXFileReference; lastKnownFileType = sourcecode.swift; path = CircleColorButton.swift; sourceTree = "<group>"; };
		DB5EC9A91F81269B0000B8E0 /* CircleImageButton.swift */ = {isa = PBXFileReference; lastKnownFileType = sourcecode.swift; path = CircleImageButton.swift; sourceTree = "<group>"; };
		DB6B758A1F7EB4E8003A3E1C /* UIViewController+Common.swift */ = {isa = PBXFileReference; lastKnownFileType = sourcecode.swift; path = "UIViewController+Common.swift"; sourceTree = "<group>"; };
		DBF7588A1F7EC7C700065475 /* TestViewController.storyboard */ = {isa = PBXFileReference; lastKnownFileType = file.storyboard; path = TestViewController.storyboard; sourceTree = "<group>"; };
		DBF7588B1F7EC7C700065475 /* TestViewController.swift */ = {isa = PBXFileReference; lastKnownFileType = sourcecode.swift; path = TestViewController.swift; sourceTree = "<group>"; };
		E411E4641F83203A003B397D /* Image.swift */ = {isa = PBXFileReference; lastKnownFileType = sourcecode.swift; path = Image.swift; sourceTree = "<group>"; };
		E42E2B541F83B8DE0060D244 /* images */ = {isa = PBXFileReference; lastKnownFileType = folder; path = images; sourceTree = "<group>"; };
		E42E2B551F83B8DE0060D244 /* data.plist */ = {isa = PBXFileReference; lastKnownFileType = text.plist.xml; path = data.plist; sourceTree = "<group>"; };
		E43849191F836024004F9248 /* BackgroundView.swift */ = {isa = PBXFileReference; lastKnownFileType = sourcecode.swift; path = BackgroundView.swift; sourceTree = "<group>"; };
		E4A8A1C51F83740700A689E4 /* UIImage+Process.swift */ = {isa = PBXFileReference; lastKnownFileType = sourcecode.swift; path = "UIImage+Process.swift"; sourceTree = "<group>"; };
		E4A8A1C71F838D5600A689E4 /* RealmModel.swift */ = {isa = PBXFileReference; lastKnownFileType = sourcecode.swift; path = RealmModel.swift; sourceTree = "<group>"; };
		E4A8A1C91F83948000A689E4 /* IdentifierGeneratable.swift */ = {isa = PBXFileReference; lastKnownFileType = sourcecode.swift; path = IdentifierGeneratable.swift; sourceTree = "<group>"; };
		E4EE6B441F83A26100472F12 /* Fixture.swift */ = {isa = PBXFileReference; lastKnownFileType = sourcecode.swift; path = Fixture.swift; sourceTree = "<group>"; };
/* End PBXFileReference section */

/* Begin PBXFrameworksBuildPhase section */
		DB16270E1F7E9BFF00A3D709 /* Frameworks */ = {
			isa = PBXFrameworksBuildPhase;
			buildActionMask = 2147483647;
			files = (
				FD2FDF130907DC9D2DD2D9EF /* Pods_Formations.framework in Frameworks */,
			);
			runOnlyForDeploymentPostprocessing = 0;
		};
/* End PBXFrameworksBuildPhase section */

/* Begin PBXGroup section */
		A5904EFEEFBD3BF6F55C1DBD /* Frameworks */ = {
			isa = PBXGroup;
			children = (
				BB00CA0B99ECE2BE3A00FFE0 /* Pods_Formations.framework */,
			);
			name = Frameworks;
			sourceTree = "<group>";
		};
		CEF99B241F80F1E20079CDC9 /* Picker */ = {
			isa = PBXGroup;
			children = (
				CEF99B251F80F1E20079CDC9 /* ImagePicker.swift */,
				CEF99B271F80F2890079CDC9 /* TextPicker.swift */,
				CEF99B291F80F2B00079CDC9 /* TextPicker.storyboard */,
			);
			path = Picker;
			sourceTree = "<group>";
		};
		CEF99B2C1F8102000079CDC9 /* Models */ = {
			isa = PBXGroup;
			children = (
				CEF99B2D1F8102140079CDC9 /* Team.swift */,
				CEF99B2F1F8102220079CDC9 /* TeamModel.swift */,
			);
			path = Models;
			sourceTree = "<group>";
		};
		CEF99B311F8102310079CDC9 /* List */ = {
			isa = PBXGroup;
			children = (
				CEF99B331F81028D0079CDC9 /* TeamListViewController.swift */,
				CEF99B341F81028D0079CDC9 /* TeamListViewController.storyboard */,
			);
			path = List;
			sourceTree = "<group>";
		};
		CEF99B321F8102380079CDC9 /* Menu */ = {
			isa = PBXGroup;
			children = (
				CEF99B351F8102970079CDC9 /* TeamMenuViewController.swift */,
				CEF99B361F8102970079CDC9 /* TeamMenuViewController.storyboard */,
			);
			path = Menu;
			sourceTree = "<group>";
		};
		CEF99B3B1F8105730079CDC9 /* FormationTemplate */ = {
			isa = PBXGroup;
			children = (
				CEF99B3F1F8105730079CDC9 /* Views */,
				CEF99B3C1F8105730079CDC9 /* Models */,
			);
			path = FormationTemplate;
			sourceTree = "<group>";
		};
		CEF99B3C1F8105730079CDC9 /* Models */ = {
			isa = PBXGroup;
			children = (
				CEF99B3D1F8105730079CDC9 /* FormationTemplate.swift */,
				CEF99B3E1F8105730079CDC9 /* FormationTemplateModel.swift */,
			);
			path = Models;
			sourceTree = "<group>";
		};
		CEF99B3F1F8105730079CDC9 /* Views */ = {
			isa = PBXGroup;
			children = (
				CEF99B431F8105730079CDC9 /* List */,
				CEF99B401F8105730079CDC9 /* Edit */,
			);
			path = Views;
			sourceTree = "<group>";
		};
		CEF99B401F8105730079CDC9 /* Edit */ = {
			isa = PBXGroup;
			children = (
				CEF99B421F8105730079CDC9 /* FormationTemplateEditViewController.swift */,
				CEF99B411F8105730079CDC9 /* FormationTemplateEditViewController.storyboard */,
			);
			path = Edit;
			sourceTree = "<group>";
		};
		CEF99B431F8105730079CDC9 /* List */ = {
			isa = PBXGroup;
			children = (
				CEF99B451F8105730079CDC9 /* FormationTemplateListViewController.swift */,
				CEF99B441F8105730079CDC9 /* FormationTemplateListViewController.storyboard */,
			);
			path = List;
			sourceTree = "<group>";
		};
		CEF99B461F8105730079CDC9 /* Player */ = {
			isa = PBXGroup;
			children = (
				CEF99B4A1F8105730079CDC9 /* Views */,
				CEF99B471F8105730079CDC9 /* Models */,
			);
			path = Player;
			sourceTree = "<group>";
		};
		CEF99B471F8105730079CDC9 /* Models */ = {
			isa = PBXGroup;
			children = (
				CEF99B481F8105730079CDC9 /* Player.swift */,
				CEF99B491F8105730079CDC9 /* PlayerModel.swift */,
			);
			path = Models;
			sourceTree = "<group>";
		};
		CEF99B4A1F8105730079CDC9 /* Views */ = {
			isa = PBXGroup;
			children = (
				CEF99B4E1F8105730079CDC9 /* List */,
				CEF99B4B1F8105730079CDC9 /* Edit */,
			);
			path = Views;
			sourceTree = "<group>";
		};
		CEF99B4B1F8105730079CDC9 /* Edit */ = {
			isa = PBXGroup;
			children = (
				CEF99B4D1F8105730079CDC9 /* PlayerEditViewController.swift */,
				CEF99B4C1F8105730079CDC9 /* PlayerEditViewController.storyboard */,
			);
			path = Edit;
			sourceTree = "<group>";
		};
		CEF99B4E1F8105730079CDC9 /* List */ = {
			isa = PBXGroup;
			children = (
				CEF99B501F8105730079CDC9 /* PlayerListViewController.swift */,
				CEF99B4F1F8105730079CDC9 /* PlayerListViewController.storyboard */,
			);
			path = List;
			sourceTree = "<group>";
		};
		CEF99B511F8105730079CDC9 /* Formation */ = {
			isa = PBXGroup;
			children = (
				CEF99B551F8105730079CDC9 /* Views */,
				CEF99B521F8105730079CDC9 /* Models */,
			);
			path = Formation;
			sourceTree = "<group>";
		};
		CEF99B521F8105730079CDC9 /* Models */ = {
			isa = PBXGroup;
			children = (
				CEF99B531F8105730079CDC9 /* Formation.swift */,
				CEF99B541F8105730079CDC9 /* FormationModel.swift */,
			);
			path = Models;
			sourceTree = "<group>";
		};
		CEF99B551F8105730079CDC9 /* Views */ = {
			isa = PBXGroup;
			children = (
				CEF99B561F8105730079CDC9 /* List */,
			);
			path = Views;
			sourceTree = "<group>";
		};
		CEF99B561F8105730079CDC9 /* List */ = {
			isa = PBXGroup;
			children = (
				CEF99B581F8105730079CDC9 /* FormationListViewController.swift */,
				CEF99B571F8105730079CDC9 /* FormationListViewController.storyboard */,
			);
			path = List;
			sourceTree = "<group>";
		};
		D277411A4BF813A66739E474 /* Pods */ = {
			isa = PBXGroup;
			children = (
				4AC58933A3C5D0C5D98E5F7D /* Pods-Formations.debug.xcconfig */,
				787E086D03DDD25B0F2C562C /* Pods-Formations.release.xcconfig */,
			);
			name = Pods;
			sourceTree = "<group>";
		};
		DB1627081F7E9BFF00A3D709 = {
			isa = PBXGroup;
			children = (
				DB1627261F7EA02800A3D709 /* Sources */,
				E42E2B4F1F83B7EC0060D244 /* Samples */,
				DB1627131F7E9BFF00A3D709 /* Formations */,
				DB1627121F7E9BFF00A3D709 /* Products */,
				D277411A4BF813A66739E474 /* Pods */,
				A5904EFEEFBD3BF6F55C1DBD /* Frameworks */,
			);
			sourceTree = "<group>";
		};
		DB1627121F7E9BFF00A3D709 /* Products */ = {
			isa = PBXGroup;
			children = (
				DB1627111F7E9BFF00A3D709 /* Formations.app */,
			);
			name = Products;
			sourceTree = "<group>";
		};
		DB1627131F7E9BFF00A3D709 /* Formations */ = {
			isa = PBXGroup;
			children = (
				DB16271B1F7E9BFF00A3D709 /* Assets.xcassets */,
				DB1627181F7E9BFF00A3D709 /* Main.storyboard */,
				DB16271D1F7E9BFF00A3D709 /* LaunchScreen.storyboard */,
				DB1627201F7E9BFF00A3D709 /* Info.plist */,
				DB16273A1F7EAF6300A3D709 /* R.generated.swift */,
			);
			path = Formations;
			sourceTree = "<group>";
		};
		DB1627261F7EA02800A3D709 /* Sources */ = {
			isa = PBXGroup;
			children = (
				DB1627291F7EA02800A3D709 /* Modules */,
				E411E4631F832016003B397D /* Models */,
				DB1627271F7EA02800A3D709 /* Extensions */,
				DB36AAD41F7ECC6600EEADD5 /* Widgets */,
				DBF758891F7EC7C700065475 /* Tests */,
				DB1627351F7EA08400A3D709 /* AppDelegate.swift */,
				DB1627341F7EA08400A3D709 /* LandingViewController.swift */,
				DB1627331F7EA08300A3D709 /* Bridging-Header.h */,
			);
			name = Sources;
			path = Formations/Sources;
			sourceTree = "<group>";
		};
		DB1627271F7EA02800A3D709 /* Extensions */ = {
			isa = PBXGroup;
			children = (
				DB16273F1F7EB1F300A3D709 /* Rswift+Storyboard.swift */,
				CE5142941F810E4A0071E0B6 /* CoreGraphics+Common.swift */,
				E4A8A1C51F83740700A689E4 /* UIImage+Process.swift */,
				DB6B758A1F7EB4E8003A3E1C /* UIViewController+Common.swift */,
			);
			path = Extensions;
			sourceTree = "<group>";
		};
		DB1627291F7EA02800A3D709 /* Modules */ = {
			isa = PBXGroup;
			children = (
				DB16272A1F7EA02800A3D709 /* Team */,
				CEF99B461F8105730079CDC9 /* Player */,
				CEF99B3B1F8105730079CDC9 /* FormationTemplate */,
				CEF99B511F8105730079CDC9 /* Formation */,
			);
			path = Modules;
			sourceTree = "<group>";
		};
		DB16272A1F7EA02800A3D709 /* Team */ = {
			isa = PBXGroup;
			children = (
				DB16272C1F7EA02800A3D709 /* Views */,
				CEF99B2C1F8102000079CDC9 /* Models */,
			);
			path = Team;
			sourceTree = "<group>";
		};
		DB16272C1F7EA02800A3D709 /* Views */ = {
			isa = PBXGroup;
			children = (
				CEF99B321F8102380079CDC9 /* Menu */,
				CEF99B311F8102310079CDC9 /* List */,
				DB16272D1F7EA02800A3D709 /* Edit */,
			);
			path = Views;
			sourceTree = "<group>";
		};
		DB16272D1F7EA02800A3D709 /* Edit */ = {
			isa = PBXGroup;
			children = (
				DB16272F1F7EA02800A3D709 /* TeamEditViewController.swift */,
				DB16272E1F7EA02800A3D709 /* TeamEditViewController.storyboard */,
			);
			path = Edit;
			sourceTree = "<group>";
		};
		DB36AAD41F7ECC6600EEADD5 /* Widgets */ = {
			isa = PBXGroup;
			children = (
				E43849181F83600C004F9248 /* Background */,
				DB5EC9A61F8125C80000B8E0 /* CircleButton */,
				CEF99B241F80F1E20079CDC9 /* Picker */,
				DB36AAD51F7ECC6600EEADD5 /* Popup */,
			);
			path = Widgets;
			sourceTree = "<group>";
		};
		DB36AAD51F7ECC6600EEADD5 /* Popup */ = {
			isa = PBXGroup;
			children = (
				DB36AB0E1F7FDD3E00EEADD5 /* Popup.swift */,
				DB5EC99C1F8089540000B8E0 /* PopupNoneAnimation.swift */,
				DB5EC99A1F7FFF660000B8E0 /* PopupFadeAnimation.swift */,
				DB36AB121F7FDDA200EEADD5 /* PopupZoomAnimation.swift */,
				DB5EC99E1F8089630000B8E0 /* PopupRiseAnimation.swift */,
				DB5EC9A01F80A3160000B8E0 /* PopupLeftDrawAnimation.swift */,
				DB5EC9A21F80A6D40000B8E0 /* PopupRightDrawAnimation.swift */,
				DB5EC9A41F80A6E70000B8E0 /* PopupBottomDrawAnimation.swift */,
			);
			path = Popup;
			sourceTree = "<group>";
		};
		DB5EC9A61F8125C80000B8E0 /* CircleButton */ = {
			isa = PBXGroup;
			children = (
				DB5EC9A71F8126860000B8E0 /* CircleColorButton.swift */,
				DB5EC9A91F81269B0000B8E0 /* CircleImageButton.swift */,
			);
			path = CircleButton;
			sourceTree = "<group>";
		};
		DBF758891F7EC7C700065475 /* Tests */ = {
			isa = PBXGroup;
			children = (
				DBF7588B1F7EC7C700065475 /* TestViewController.swift */,
				DBF7588A1F7EC7C700065475 /* TestViewController.storyboard */,
			);
			path = Tests;
			sourceTree = "<group>";
		};
		E411E4631F832016003B397D /* Models */ = {
			isa = PBXGroup;
			children = (
				E4A8A1C71F838D5600A689E4 /* RealmModel.swift */,
				E4A8A1C91F83948000A689E4 /* IdentifierGeneratable.swift */,
				E4EE6B441F83A26100472F12 /* Fixture.swift */,
				E411E4641F83203A003B397D /* Image.swift */,
			);
			path = Models;
			sourceTree = "<group>";
		};
		E42E2B4F1F83B7EC0060D244 /* Samples */ = {
			isa = PBXGroup;
			children = (
				E42E2B551F83B8DE0060D244 /* data.plist */,
				E42E2B541F83B8DE0060D244 /* images */,
			);
			path = Samples;
			sourceTree = "<group>";
		};
		E43849181F83600C004F9248 /* Background */ = {
			isa = PBXGroup;
			children = (
				E43849191F836024004F9248 /* BackgroundView.swift */,
			);
			path = Background;
			sourceTree = "<group>";
		};
/* End PBXGroup section */

/* Begin PBXNativeTarget section */
		DB1627101F7E9BFF00A3D709 /* Formations */ = {
			isa = PBXNativeTarget;
			buildConfigurationList = DB1627231F7E9BFF00A3D709 /* Build configuration list for PBXNativeTarget "Formations" */;
			buildPhases = (
				21CC8DB489D26ED696821B3E /* [CP] Check Pods Manifest.lock */,
				DB1627391F7EAF2000A3D709 /* ShellScript */,
				DB16270D1F7E9BFF00A3D709 /* Sources */,
				DB16270E1F7E9BFF00A3D709 /* Frameworks */,
				DB16270F1F7E9BFF00A3D709 /* Resources */,
				2D417B4C60F394DF20808479 /* [CP] Embed Pods Frameworks */,
				B499197589633E9F7EA561D4 /* [CP] Copy Pods Resources */,
			);
			buildRules = (
			);
			dependencies = (
			);
			name = Formations;
			productName = Formations;
			productReference = DB1627111F7E9BFF00A3D709 /* Formations.app */;
			productType = "com.apple.product-type.application";
		};
/* End PBXNativeTarget section */

/* Begin PBXProject section */
		DB1627091F7E9BFF00A3D709 /* Project object */ = {
			isa = PBXProject;
			attributes = {
				LastSwiftUpdateCheck = 0900;
				LastUpgradeCheck = 0900;
				ORGANIZATIONNAME = "yuichi.nakayasu@gmail.com";
				TargetAttributes = {
					DB1627101F7E9BFF00A3D709 = {
						CreatedOnToolsVersion = 9.0;
						LastSwiftMigration = 0900;
						ProvisioningStyle = Automatic;
					};
				};
			};
			buildConfigurationList = DB16270C1F7E9BFF00A3D709 /* Build configuration list for PBXProject "Formations" */;
			compatibilityVersion = "Xcode 8.0";
			developmentRegion = en;
			hasScannedForEncodings = 0;
			knownRegions = (
				en,
				Base,
			);
			mainGroup = DB1627081F7E9BFF00A3D709;
			productRefGroup = DB1627121F7E9BFF00A3D709 /* Products */;
			projectDirPath = "";
			projectRoot = "";
			targets = (
				DB1627101F7E9BFF00A3D709 /* Formations */,
			);
		};
/* End PBXProject section */

/* Begin PBXResourcesBuildPhase section */
		DB16270F1F7E9BFF00A3D709 /* Resources */ = {
			isa = PBXResourcesBuildPhase;
			buildActionMask = 2147483647;
			files = (
				E42E2B561F83B9380060D244 /* data.plist in Resources */,
				E42E2B571F83B9380060D244 /* images in Resources */,
				CEF99B591F8105E30079CDC9 /* PlayerEditViewController.storyboard in Resources */,
				CEF99B5A1F8105E30079CDC9 /* PlayerListViewController.storyboard in Resources */,
				CEF99B5B1F8105E30079CDC9 /* FormationTemplateEditViewController.storyboard in Resources */,
				CEF99B5C1F8105E30079CDC9 /* FormationTemplateListViewController.storyboard in Resources */,
				CEF99B5D1F8105E30079CDC9 /* FormationListViewController.storyboard in Resources */,
				DB16271A1F7E9BFF00A3D709 /* Main.storyboard in Resources */,
				DB16271F1F7E9BFF00A3D709 /* LaunchScreen.storyboard in Resources */,
				DBF7588C1F7EC7E100065475 /* TestViewController.storyboard in Resources */,
				CEF99B2A1F80F2B00079CDC9 /* TextPicker.storyboard in Resources */,
				CEF99B371F8102C10079CDC9 /* TeamMenuViewController.storyboard in Resources */,
				CEF99B381F8102C40079CDC9 /* TeamListViewController.storyboard in Resources */,
				DB16273D1F7EAFDE00A3D709 /* TeamEditViewController.storyboard in Resources */,
				DB16271C1F7E9BFF00A3D709 /* Assets.xcassets in Resources */,
			);
			runOnlyForDeploymentPostprocessing = 0;
		};
/* End PBXResourcesBuildPhase section */

/* Begin PBXShellScriptBuildPhase section */
		21CC8DB489D26ED696821B3E /* [CP] Check Pods Manifest.lock */ = {
			isa = PBXShellScriptBuildPhase;
			buildActionMask = 2147483647;
			files = (
			);
			inputPaths = (
			);
			name = "[CP] Check Pods Manifest.lock";
			outputPaths = (
			);
			runOnlyForDeploymentPostprocessing = 0;
			shellPath = /bin/sh;
			shellScript = "diff \"${PODS_PODFILE_DIR_PATH}/Podfile.lock\" \"${PODS_ROOT}/Manifest.lock\" > /dev/null\nif [ $? != 0 ] ; then\n    # print error to STDERR\n    echo \"error: The sandbox is not in sync with the Podfile.lock. Run 'pod install' or update your CocoaPods installation.\" >&2\n    exit 1\nfi\n";
			showEnvVarsInLog = 0;
		};
		2D417B4C60F394DF20808479 /* [CP] Embed Pods Frameworks */ = {
			isa = PBXShellScriptBuildPhase;
			buildActionMask = 2147483647;
			files = (
			);
			inputPaths = (
			);
			name = "[CP] Embed Pods Frameworks";
			outputPaths = (
			);
			runOnlyForDeploymentPostprocessing = 0;
			shellPath = /bin/sh;
			shellScript = "\"${SRCROOT}/Pods/Target Support Files/Pods-Formations/Pods-Formations-frameworks.sh\"\n";
			showEnvVarsInLog = 0;
		};
		B499197589633E9F7EA561D4 /* [CP] Copy Pods Resources */ = {
			isa = PBXShellScriptBuildPhase;
			buildActionMask = 2147483647;
			files = (
			);
			inputPaths = (
			);
			name = "[CP] Copy Pods Resources";
			outputPaths = (
			);
			runOnlyForDeploymentPostprocessing = 0;
			shellPath = /bin/sh;
			shellScript = "\"${SRCROOT}/Pods/Target Support Files/Pods-Formations/Pods-Formations-resources.sh\"\n";
			showEnvVarsInLog = 0;
		};
		DB1627391F7EAF2000A3D709 /* ShellScript */ = {
			isa = PBXShellScriptBuildPhase;
			buildActionMask = 2147483647;
			files = (
			);
			inputPaths = (
			);
			outputPaths = (
			);
			runOnlyForDeploymentPostprocessing = 0;
			shellPath = /bin/sh;
			shellScript = "\"$PODS_ROOT/R.swift/rswift\" \"$SRCROOT\"";
		};
/* End PBXShellScriptBuildPhase section */

/* Begin PBXSourcesBuildPhase section */
		DB16270D1F7E9BFF00A3D709 /* Sources */ = {
			isa = PBXSourcesBuildPhase;
			buildActionMask = 2147483647;
			files = (
				DB1627361F7EA4D500A3D709 /* AppDelegate.swift in Sources */,
				CEF99B2E1F8102140079CDC9 /* Team.swift in Sources */,
				E4A8A1C61F83740700A689E4 /* UIImage+Process.swift in Sources */,
				DB5EC9A51F80A6E70000B8E0 /* PopupBottomDrawAnimation.swift in Sources */,
				DB5EC9AA1F81269B0000B8E0 /* CircleImageButton.swift in Sources */,
				CE5142951F810E4A0071E0B6 /* CoreGraphics+Common.swift in Sources */,
				DB16273B1F7EAF6300A3D709 /* R.generated.swift in Sources */,
				DB5EC9A11F80A3160000B8E0 /* PopupLeftDrawAnimation.swift in Sources */,
				DB5EC99F1F8089630000B8E0 /* PopupRiseAnimation.swift in Sources */,
				DB1627401F7EB1FC00A3D709 /* Rswift+Storyboard.swift in Sources */,
				DB6B758B1F7EB4E8003A3E1C /* UIViewController+Common.swift in Sources */,
				DB5EC99D1F8089540000B8E0 /* PopupNoneAnimation.swift in Sources */,
				E4A8A1C81F838D5600A689E4 /* RealmModel.swift in Sources */,
				DBF758881F7EBF9100065475 /* LandingViewController.swift in Sources */,
				DB5EC9A81F8126860000B8E0 /* CircleColorButton.swift in Sources */,
				DB5EC9A31F80A6D40000B8E0 /* PopupRightDrawAnimation.swift in Sources */,
				DBF7588D1F7EC7E700065475 /* TestViewController.swift in Sources */,
				DB36AB0F1F7FDD3E00EEADD5 /* Popup.swift in Sources */,
				DB36AB131F7FDDA200EEADD5 /* PopupZoomAnimation.swift in Sources */,
				E4A8A1CA1F83948000A689E4 /* IdentifierGeneratable.swift in Sources */,
				CEF99B301F8102220079CDC9 /* TeamModel.swift in Sources */,
				CEF99B281F80F2890079CDC9 /* TextPicker.swift in Sources */,
				DB5EC99B1F7FFF660000B8E0 /* PopupFadeAnimation.swift in Sources */,
				CEF99B261F80F2620079CDC9 /* ImagePicker.swift in Sources */,
				CEF99B391F8102D70079CDC9 /* TeamMenuViewController.swift in Sources */,
				CEF99B3A1F8102DA0079CDC9 /* TeamListViewController.swift in Sources */,
				DB1627381F7EA4E300A3D709 /* TeamEditViewController.swift in Sources */,
				CEF99B5E1F8106020079CDC9 /* Player.swift in Sources */,
				CEF99B5F1F8106020079CDC9 /* PlayerModel.swift in Sources */,
				CEF99B601F8106020079CDC9 /* PlayerEditViewController.swift in Sources */,
				CEF99B611F8106020079CDC9 /* PlayerListViewController.swift in Sources */,
				E4EE6B451F83A26100472F12 /* Fixture.swift in Sources */,
				CEF99B621F8106020079CDC9 /* FormationTemplate.swift in Sources */,
				CEF99B631F8106020079CDC9 /* FormationTemplateModel.swift in Sources */,
				CEF99B641F8106020079CDC9 /* FormationTemplateEditViewController.swift in Sources */,
				E411E4651F83203A003B397D /* Image.swift in Sources */,
				CEF99B651F8106020079CDC9 /* FormationTemplateListViewController.swift in Sources */,
				CEF99B661F8106020079CDC9 /* Formation.swift in Sources */,
				CEF99B671F8106020079CDC9 /* FormationModel.swift in Sources */,
				CEF99B681F8106020079CDC9 /* FormationListViewController.swift in Sources */,
				E438491A1F836046004F9248 /* BackgroundView.swift in Sources */,
			);
			runOnlyForDeploymentPostprocessing = 0;
		};
/* End PBXSourcesBuildPhase section */

/* Begin PBXVariantGroup section */
		DB1627181F7E9BFF00A3D709 /* Main.storyboard */ = {
			isa = PBXVariantGroup;
			children = (
				DB1627191F7E9BFF00A3D709 /* Base */,
			);
			name = Main.storyboard;
			sourceTree = "<group>";
		};
		DB16271D1F7E9BFF00A3D709 /* LaunchScreen.storyboard */ = {
			isa = PBXVariantGroup;
			children = (
				DB16271E1F7E9BFF00A3D709 /* Base */,
			);
			name = LaunchScreen.storyboard;
			sourceTree = "<group>";
		};
/* End PBXVariantGroup section */

/* Begin XCBuildConfiguration section */
		DB1627211F7E9BFF00A3D709 /* Debug */ = {
			isa = XCBuildConfiguration;
			buildSettings = {
				ALWAYS_SEARCH_USER_PATHS = NO;
				CLANG_ANALYZER_NONNULL = YES;
				CLANG_ANALYZER_NUMBER_OBJECT_CONVERSION = YES_AGGRESSIVE;
				CLANG_CXX_LANGUAGE_STANDARD = "gnu++14";
				CLANG_CXX_LIBRARY = "libc++";
				CLANG_ENABLE_MODULES = YES;
				CLANG_ENABLE_OBJC_ARC = YES;
				CLANG_WARN_BLOCK_CAPTURE_AUTORELEASING = YES;
				CLANG_WARN_BOOL_CONVERSION = YES;
				CLANG_WARN_COMMA = YES;
				CLANG_WARN_CONSTANT_CONVERSION = YES;
				CLANG_WARN_DIRECT_OBJC_ISA_USAGE = YES_ERROR;
				CLANG_WARN_DOCUMENTATION_COMMENTS = YES;
				CLANG_WARN_EMPTY_BODY = YES;
				CLANG_WARN_ENUM_CONVERSION = YES;
				CLANG_WARN_INFINITE_RECURSION = YES;
				CLANG_WARN_INT_CONVERSION = YES;
				CLANG_WARN_NON_LITERAL_NULL_CONVERSION = YES;
				CLANG_WARN_OBJC_LITERAL_CONVERSION = YES;
				CLANG_WARN_OBJC_ROOT_CLASS = YES_ERROR;
				CLANG_WARN_RANGE_LOOP_ANALYSIS = YES;
				CLANG_WARN_STRICT_PROTOTYPES = YES;
				CLANG_WARN_SUSPICIOUS_MOVE = YES;
				CLANG_WARN_UNGUARDED_AVAILABILITY = YES_AGGRESSIVE;
				CLANG_WARN_UNREACHABLE_CODE = YES;
				CLANG_WARN__DUPLICATE_METHOD_MATCH = YES;
				CODE_SIGN_IDENTITY = "iPhone Developer";
				COPY_PHASE_STRIP = NO;
				DEBUG_INFORMATION_FORMAT = dwarf;
				ENABLE_STRICT_OBJC_MSGSEND = YES;
				ENABLE_TESTABILITY = YES;
				GCC_C_LANGUAGE_STANDARD = gnu11;
				GCC_DYNAMIC_NO_PIC = NO;
				GCC_NO_COMMON_BLOCKS = YES;
				GCC_OPTIMIZATION_LEVEL = 0;
				GCC_PREPROCESSOR_DEFINITIONS = (
					"DEBUG=1",
					"$(inherited)",
				);
				GCC_WARN_64_TO_32_BIT_CONVERSION = YES;
				GCC_WARN_ABOUT_RETURN_TYPE = YES_ERROR;
				GCC_WARN_UNDECLARED_SELECTOR = YES;
				GCC_WARN_UNINITIALIZED_AUTOS = YES_AGGRESSIVE;
				GCC_WARN_UNUSED_FUNCTION = YES;
				GCC_WARN_UNUSED_VARIABLE = YES;
				IPHONEOS_DEPLOYMENT_TARGET = 11.0;
				MTL_ENABLE_DEBUG_INFO = YES;
				ONLY_ACTIVE_ARCH = YES;
				SDKROOT = iphoneos;
				SWIFT_ACTIVE_COMPILATION_CONDITIONS = DEBUG;
				SWIFT_OPTIMIZATION_LEVEL = "-Onone";
			};
			name = Debug;
		};
		DB1627221F7E9BFF00A3D709 /* Release */ = {
			isa = XCBuildConfiguration;
			buildSettings = {
				ALWAYS_SEARCH_USER_PATHS = NO;
				CLANG_ANALYZER_NONNULL = YES;
				CLANG_ANALYZER_NUMBER_OBJECT_CONVERSION = YES_AGGRESSIVE;
				CLANG_CXX_LANGUAGE_STANDARD = "gnu++14";
				CLANG_CXX_LIBRARY = "libc++";
				CLANG_ENABLE_MODULES = YES;
				CLANG_ENABLE_OBJC_ARC = YES;
				CLANG_WARN_BLOCK_CAPTURE_AUTORELEASING = YES;
				CLANG_WARN_BOOL_CONVERSION = YES;
				CLANG_WARN_COMMA = YES;
				CLANG_WARN_CONSTANT_CONVERSION = YES;
				CLANG_WARN_DIRECT_OBJC_ISA_USAGE = YES_ERROR;
				CLANG_WARN_DOCUMENTATION_COMMENTS = YES;
				CLANG_WARN_EMPTY_BODY = YES;
				CLANG_WARN_ENUM_CONVERSION = YES;
				CLANG_WARN_INFINITE_RECURSION = YES;
				CLANG_WARN_INT_CONVERSION = YES;
				CLANG_WARN_NON_LITERAL_NULL_CONVERSION = YES;
				CLANG_WARN_OBJC_LITERAL_CONVERSION = YES;
				CLANG_WARN_OBJC_ROOT_CLASS = YES_ERROR;
				CLANG_WARN_RANGE_LOOP_ANALYSIS = YES;
				CLANG_WARN_STRICT_PROTOTYPES = YES;
				CLANG_WARN_SUSPICIOUS_MOVE = YES;
				CLANG_WARN_UNGUARDED_AVAILABILITY = YES_AGGRESSIVE;
				CLANG_WARN_UNREACHABLE_CODE = YES;
				CLANG_WARN__DUPLICATE_METHOD_MATCH = YES;
				CODE_SIGN_IDENTITY = "iPhone Developer";
				COPY_PHASE_STRIP = NO;
				DEBUG_INFORMATION_FORMAT = "dwarf-with-dsym";
				ENABLE_NS_ASSERTIONS = NO;
				ENABLE_STRICT_OBJC_MSGSEND = YES;
				GCC_C_LANGUAGE_STANDARD = gnu11;
				GCC_NO_COMMON_BLOCKS = YES;
				GCC_WARN_64_TO_32_BIT_CONVERSION = YES;
				GCC_WARN_ABOUT_RETURN_TYPE = YES_ERROR;
				GCC_WARN_UNDECLARED_SELECTOR = YES;
				GCC_WARN_UNINITIALIZED_AUTOS = YES_AGGRESSIVE;
				GCC_WARN_UNUSED_FUNCTION = YES;
				GCC_WARN_UNUSED_VARIABLE = YES;
				IPHONEOS_DEPLOYMENT_TARGET = 11.0;
				MTL_ENABLE_DEBUG_INFO = NO;
				SDKROOT = iphoneos;
				SWIFT_OPTIMIZATION_LEVEL = "-Owholemodule";
				VALIDATE_PRODUCT = YES;
			};
			name = Release;
		};
		DB1627241F7E9BFF00A3D709 /* Debug */ = {
			isa = XCBuildConfiguration;
			baseConfigurationReference = 4AC58933A3C5D0C5D98E5F7D /* Pods-Formations.debug.xcconfig */;
			buildSettings = {
				ASSETCATALOG_COMPILER_APPICON_NAME = AppIcon;
				CLANG_ENABLE_MODULES = YES;
				CODE_SIGN_STYLE = Automatic;
				DEVELOPMENT_TEAM = F5GAB67SL8;
				INFOPLIST_FILE = Formations/Info.plist;
				LD_RUNPATH_SEARCH_PATHS = "$(inherited) @executable_path/Frameworks";
				PRODUCT_BUNDLE_IDENTIFIER = com.neroblu.ios.Formations;
				PRODUCT_NAME = "$(TARGET_NAME)";
				SWIFT_OBJC_BRIDGING_HEADER = "Formations/Sources/Bridging-Header.h";
				SWIFT_OPTIMIZATION_LEVEL = "-Onone";
				SWIFT_VERSION = 4.0;
				TARGETED_DEVICE_FAMILY = 1;
			};
			name = Debug;
		};
		DB1627251F7E9BFF00A3D709 /* Release */ = {
			isa = XCBuildConfiguration;
			baseConfigurationReference = 787E086D03DDD25B0F2C562C /* Pods-Formations.release.xcconfig */;
			buildSettings = {
				ASSETCATALOG_COMPILER_APPICON_NAME = AppIcon;
				CLANG_ENABLE_MODULES = YES;
				CODE_SIGN_STYLE = Automatic;
				DEVELOPMENT_TEAM = F5GAB67SL8;
				INFOPLIST_FILE = Formations/Info.plist;
				LD_RUNPATH_SEARCH_PATHS = "$(inherited) @executable_path/Frameworks";
				PRODUCT_BUNDLE_IDENTIFIER = com.neroblu.ios.Formations;
				PRODUCT_NAME = "$(TARGET_NAME)";
				SWIFT_OBJC_BRIDGING_HEADER = "Formations/Sources/Bridging-Header.h";
				SWIFT_VERSION = 4.0;
				TARGETED_DEVICE_FAMILY = 1;
			};
			name = Release;
		};
/* End XCBuildConfiguration section */

/* Begin XCConfigurationList section */
		DB16270C1F7E9BFF00A3D709 /* Build configuration list for PBXProject "Formations" */ = {
			isa = XCConfigurationList;
			buildConfigurations = (
				DB1627211F7E9BFF00A3D709 /* Debug */,
				DB1627221F7E9BFF00A3D709 /* Release */,
			);
			defaultConfigurationIsVisible = 0;
			defaultConfigurationName = Release;
		};
		DB1627231F7E9BFF00A3D709 /* Build configuration list for PBXNativeTarget "Formations" */ = {
			isa = XCConfigurationList;
			buildConfigurations = (
				DB1627241F7E9BFF00A3D709 /* Debug */,
				DB1627251F7E9BFF00A3D709 /* Release */,
			);
			defaultConfigurationIsVisible = 0;
			defaultConfigurationName = Release;
		};
/* End XCConfigurationList section */
	};
	rootObject = DB1627091F7E9BFF00A3D709 /* Project object */;
}
